<?xml version="1.0" encoding="utf-8"?>
<Project ToolsVersion="4.0" xmlns="http://schemas.microsoft.com/developer/msbuild/2003">
  <ItemGroup>
    <Text Include="ReadMe.txt" />
  </ItemGroup>
  <ItemGroup>
    <Filter Include="src">
      <UniqueIdentifier>{a1a333bd-8b47-4d20-83b8-7f65ae32c138}</UniqueIdentifier>
    </Filter>
  </ItemGroup>
  <ItemGroup>
    <ClCompile Include="src\attribute.c">
      <Filter>src</Filter>
    </ClCompile>
    <ClCompile Include="src\char_ref.c">
      <Filter>src</Filter>
    </ClCompile>
    <ClCompile Include="src\error.c">
      <Filter>src</Filter>
    </ClCompile>
    <ClCompile Include="src\parser.c">
      <Filter>src</Filter>
    </ClCompile>
    <ClCompile Include="src\string_buffer.c">
      <Filter>src</Filter>
    </ClCompile>
    <ClCompile Include="src\string_piece.c">
      <Filter>src</Filter>
    </ClCompile>
    <ClCompile Include="src\tag.c">
      <Filter>src</Filter>
    </ClCompile>
    <ClCompile Include="src\tokenizer.c">
      <Filter>src</Filter>
    </ClCompile>
    <ClCompile Include="src\utf8.c">
      <Filter>src</Filter>
    </ClCompile>
    <ClCompile Include="src\util.c">
      <Filter>src</Filter>
    </ClCompile>
    <ClCompile Include="src\vector.c">
      <Filter>src</Filter>
    </ClCompile>
  </ItemGroup>
  <ItemGroup>
    <ClInclude Include="src\attribute.h">
      <Filter>src</Filter>
    </ClInclude>
    <ClInclude Include="src\char_ref.h">
      <Filter>src</Filter>
    </ClInclude>
    <ClInclude Include="src\error.h">
      <Filter>src</Filter>
    </ClInclude>
    <ClInclude Include="src\gumbo.h">
      <Filter>src</Filter>
    </ClInclude>
    <ClInclude Include="src\insertion_mode.h">
      <Filter>src</Filter>
    </ClInclude>
    <ClInclude Include="src\parser.h">
      <Filter>src</Filter>
    </ClInclude>
    <ClInclude Include="src\string_buffer.h">
      <Filter>src</Filter>
    </ClInclude>
    <ClInclude Include="src\string_piece.h">
      <Filter>src</Filter>
    </ClInclude>
    <ClInclude Include="src\tag_enum.h">
      <Filter>src</Filter>
    </ClInclude>
    <ClInclude Include="src\tag_gperf.h">
      <Filter>src</Filter>
    </ClInclude>
    <ClInclude Include="src\tag_sizes.h">
      <Filter>src</Filter>
    </ClInclude>
    <ClInclude Include="src\tag_strings.h">
      <Filter>src</Filter>
    </ClInclude>
    <ClInclude Include="src\token_type.h">
      <Filter>src</Filter>
    </ClInclude>
    <ClInclude Include="src\tokenizer.h">
      <Filter>src</Filter>
    </ClInclude>
    <ClInclude Include="src\tokenizer_states.h">
      <Filter>src</Filter>
    </ClInclude>
    <ClInclude Include="src\utf8.h">
      <Filter>src</Filter>
    </ClInclude>
    <ClInclude Include="src\util.h">
      <Filter>src</Filter>
    </ClInclude>
    <ClInclude Include="src\vector.h">
      <Filter>src</Filter>
    </ClInclude>
  </ItemGroup>
  <ItemGroup>
    <None Include="src\char_ref.rl">
      <Filter>src</Filter>
    </None>
    <None Include="src\tag.in">
      <Filter>src</Filter>
    </None>
  </ItemGroup>
</Project>